
Microsoft Visual Studio Solution File, Format Version 12.00
# Visual Studio Version 16
VisualStudioVersion = 16.0.30225.117
MinimumVisualStudioVersion = 10.0.40219.1
Project("{2150E333-8FDC-42A3-9474-1A3956D46DE8}") = "src", "src", "{7D006D9D-5985-4906-96F6-830BC1A9BCE9}"
EndProject
Project("{2150E333-8FDC-42A3-9474-1A3956D46DE8}") = "01_Framework", "01_Framework", "{4AABFA04-E3C8-4DB8-9D32-EC6E2A27F677}"
EndProject
Project("{2150E333-8FDC-42A3-9474-1A3956D46DE8}") = "02_Admin", "02_Admin", "{2F4F9037-3DF0-4E55-92CE-2F51CA194706}"
EndProject
Project("{2150E333-8FDC-42A3-9474-1A3956D46DE8}") = "00_Utils", "00_Utils", "{CECF2186-D39F-4BBB-91E0-6C61081376CD}"
EndProject
Project("{2150E333-8FDC-42A3-9474-1A3956D46DE8}") = "01_Cache", "01_Cache", "{F217FCC5-2E91-4745-96A6-C42BCBA0A337}"
EndProject
Project("{9A19103F-16F7-4668-BE54-9A1E7A4F7556}") = "Cache.Redis", "src\01_Framework\01_Cache\Cache.Redis\Cache.Redis.csproj", "{547AB839-64C4-4C61-9F38-A66C02690018}"
EndProject
Project("{2150E333-8FDC-42A3-9474-1A3956D46DE8}") = "Library", "Library", "{60E8AF1E-723C-49C1-92BE-F317D1A1979C}"
EndProject
Project("{9A19103F-16F7-4668-BE54-9A1E7A4F7556}") = "Application", "src\02_Admin\Library\Application\Application.csproj", "{EEB5F134-25DC-46BE-88BC-0A13542472BD}"
EndProject
Project("{9A19103F-16F7-4668-BE54-9A1E7A4F7556}") = "Domain", "src\02_Admin\Library\Domain\Domain.csproj", "{3E37F2F5-ADA0-4D14-B6BE-DD62C585E2E3}"
EndProject
Project("{9A19103F-16F7-4668-BE54-9A1E7A4F7556}") = "EFCore.Models", "src\02_Admin\Library\EFCore.Models\EFCore.Models.csproj", "{9FF88D58-2EBA-4D87-AA02-C4AA597BC0C0}"
EndProject
Project("{9A19103F-16F7-4668-BE54-9A1E7A4F7556}") = "Infrastructure", "src\02_Admin\Library\Infrastructure\Infrastructure.csproj", "{52AC0B49-022C-4E85-9B93-FE049E026194}"
EndProject
Project("{9A19103F-16F7-4668-BE54-9A1E7A4F7556}") = "Quartzs", "src\02_Admin\Library\Quartzs\Quartzs.csproj", "{3A0510FA-73CA-4EE6-864E-458F173672CE}"
EndProject
Project("{2150E333-8FDC-42A3-9474-1A3956D46DE8}") = "Web", "Web", "{F0FA0CAC-3749-4360-B3F1-C43045D589C5}"
EndProject
Project("{9A19103F-16F7-4668-BE54-9A1E7A4F7556}") = "Web", "src\Web\Web.csproj", "{3753ED0C-3A85-447C-98D6-3B1234C6BCEB}"
EndProject
Global
	GlobalSection(SolutionConfigurationPlatforms) = preSolution
		Debug|Any CPU = Debug|Any CPU
		Release|Any CPU = Release|Any CPU
	EndGlobalSection
	GlobalSection(ProjectConfigurationPlatforms) = postSolution
		{547AB839-64C4-4C61-9F38-A66C02690018}.Debug|Any CPU.ActiveCfg = Debug|Any CPU
		{547AB839-64C4-4C61-9F38-A66C02690018}.Debug|Any CPU.Build.0 = Debug|Any CPU
		{547AB839-64C4-4C61-9F38-A66C02690018}.Release|Any CPU.ActiveCfg = Release|Any CPU
		{547AB839-64C4-4C61-9F38-A66C02690018}.Release|Any CPU.Build.0 = Release|Any CPU
		{EEB5F134-25DC-46BE-88BC-0A13542472BD}.Debug|Any CPU.ActiveCfg = Debug|Any CPU
		{EEB5F134-25DC-46BE-88BC-0A13542472BD}.Debug|Any CPU.Build.0 = Debug|Any CPU
		{EEB5F134-25DC-46BE-88BC-0A13542472BD}.Release|Any CPU.ActiveCfg = Release|Any CPU
		{EEB5F134-25DC-46BE-88BC-0A13542472BD}.Release|Any CPU.Build.0 = Release|Any CPU
		{3E37F2F5-ADA0-4D14-B6BE-DD62C585E2E3}.Debug|Any CPU.ActiveCfg = Debug|Any CPU
		{3E37F2F5-ADA0-4D14-B6BE-DD62C585E2E3}.Debug|Any CPU.Build.0 = Debug|Any CPU
		{3E37F2F5-ADA0-4D14-B6BE-DD62C585E2E3}.Release|Any CPU.ActiveCfg = Release|Any CPU
		{3E37F2F5-ADA0-4D14-B6BE-DD62C585E2E3}.Release|Any CPU.Build.0 = Release|Any CPU
		{9FF88D58-2EBA-4D87-AA02-C4AA597BC0C0}.Debug|Any CPU.ActiveCfg = Debug|Any CPU
		{9FF88D58-2EBA-4D87-AA02-C4AA597BC0C0}.Debug|Any CPU.Build.0 = Debug|Any CPU
		{9FF88D58-2EBA-4D87-AA02-C4AA597BC0C0}.Release|Any CPU.ActiveCfg = Release|Any CPU
		{9FF88D58-2EBA-4D87-AA02-C4AA597BC0C0}.Release|Any CPU.Build.0 = Release|Any CPU
		{52AC0B49-022C-4E85-9B93-FE049E026194}.Debug|Any CPU.ActiveCfg = Debug|Any CPU
		{52AC0B49-022C-4E85-9B93-FE049E026194}.Debug|Any CPU.Build.0 = Debug|Any CPU
		{52AC0B49-022C-4E85-9B93-FE049E026194}.Release|Any CPU.ActiveCfg = Release|Any CPU
		{52AC0B49-022C-4E85-9B93-FE049E026194}.Release|Any CPU.Build.0 = Release|Any CPU
		{3A0510FA-73CA-4EE6-864E-458F173672CE}.Debug|Any CPU.ActiveCfg = Debug|Any CPU
		{3A0510FA-73CA-4EE6-864E-458F173672CE}.Debug|Any CPU.Build.0 = Debug|Any CPU
		{3A0510FA-73CA-4EE6-864E-458F173672CE}.Release|Any CPU.ActiveCfg = Release|Any CPU
		{3A0510FA-73CA-4EE6-864E-458F173672CE}.Release|Any CPU.Build.0 = Release|Any CPU
		{3753ED0C-3A85-447C-98D6-3B1234C6BCEB}.Debug|Any CPU.ActiveCfg = Debug|Any CPU
		{3753ED0C-3A85-447C-98D6-3B1234C6BCEB}.Debug|Any CPU.Build.0 = Debug|Any CPU
		{3753ED0C-3A85-447C-98D6-3B1234C6BCEB}.Release|Any CPU.ActiveCfg = Release|Any CPU
		{3753ED0C-3A85-447C-98D6-3B1234C6BCEB}.Release|Any CPU.Build.0 = Release|Any CPU
	EndGlobalSection
	GlobalSection(SolutionProperties) = preSolution
		HideSolutionNode = FALSE
	EndGlobalSection
	GlobalSection(NestedProjects) = preSolution
		{4AABFA04-E3C8-4DB8-9D32-EC6E2A27F677} = {7D006D9D-5985-4906-96F6-830BC1A9BCE9}
		{2F4F9037-3DF0-4E55-92CE-2F51CA194706} = {7D006D9D-5985-4906-96F6-830BC1A9BCE9}
		{CECF2186-D39F-4BBB-91E0-6C61081376CD} = {4AABFA04-E3C8-4DB8-9D32-EC6E2A27F677}
		{F217FCC5-2E91-4745-96A6-C42BCBA0A337} = {4AABFA04-E3C8-4DB8-9D32-EC6E2A27F677}
		{547AB839-64C4-4C61-9F38-A66C02690018} = {F217FCC5-2E91-4745-96A6-C42BCBA0A337}
		{60E8AF1E-723C-49C1-92BE-F317D1A1979C} = {2F4F9037-3DF0-4E55-92CE-2F51CA194706}
		{EEB5F134-25DC-46BE-88BC-0A13542472BD} = {60E8AF1E-723C-49C1-92BE-F317D1A1979C}
		{3E37F2F5-ADA0-4D14-B6BE-DD62C585E2E3} = {60E8AF1E-723C-49C1-92BE-F317D1A1979C}
		{9FF88D58-2EBA-4D87-AA02-C4AA597BC0C0} = {60E8AF1E-723C-49C1-92BE-F317D1A1979C}
		{52AC0B49-022C-4E85-9B93-FE049E026194} = {60E8AF1E-723C-49C1-92BE-F317D1A1979C}
		{3A0510FA-73CA-4EE6-864E-458F173672CE} = {60E8AF1E-723C-49C1-92BE-F317D1A1979C}
		{F0FA0CAC-3749-4360-B3F1-C43045D589C5} = {7D006D9D-5985-4906-96F6-830BC1A9BCE9}
		{3753ED0C-3A85-447C-98D6-3B1234C6BCEB} = {F0FA0CAC-3749-4360-B3F1-C43045D589C5}
	EndGlobalSection
	GlobalSection(ExtensibilityGlobals) = postSolution
		SolutionGuid = {BD0DFD08-B576-4A4D-9BFA-E97AE902F00A}
	EndGlobalSection
EndGlobal
